# This file is automatically @generated by Cargo.
# It is not intended for manual editing.
version = 4

[[package]]
name = "rivallo-application"
version = "0.1.0"
dependencies = [
 "rivallo-domain",
]

[[package]]
name = "rivallo-contracts"
version = "0.1.0"

[[package]]
name = "rivallo-domain"
version = "0.1.0"

[[package]]
name = "rivallo-platform"
version = "0.1.0"
dependencies = [
 "rivallo-application",
 "rivallo-contracts",
]
